
Microsoft Visual Studio Solution File, Format Version 12.00
# Visual Studio Version 16
VisualStudioVersion = 16.0.31729.503
MinimumVisualStudioVersion = 10.0.40219.1
Project("{8BC9CEB8-8B4A-11D0-8D11-00A0C91BC942}") = "WaterArtefact", "WaterArtefact\WaterArtefact.vcxproj", "{6EC806C5-E78C-4EE8-8CDC-93A7C9CE69A3}"
	ProjectSection(ProjectDependencies) = postProject
		{F772FD55-96ED-4F63-A3CC-99703CD17C14} = {F772FD55-96ED-4F63-A3CC-99703CD17C14}
	EndProjectSection
EndProject
Project("{8BC9CEB8-8B4A-11D0-8D11-00A0C91BC942}") = "Maths", "Maths\Maths.vcxproj", "{F772FD55-96ED-4F63-A3CC-99703CD17C14}"
EndProject
Project("{8BC9CEB8-8B4A-11D0-8D11-00A0C91BC942}") = "Rendering", "Rendering\Rendering.vcxproj", "{98A03F9F-2317-490F-B58B-4F62D393C0B8}"
EndProject
Project("{8BC9CEB8-8B4A-11D0-8D11-00A0C91BC942}") = "Input", "Input\Input.vcxproj", "{A73768A0-CBD6-48CC-85C5-1A5D59155F5A}"
EndProject
Global
	GlobalSection(SolutionConfigurationPlatforms) = preSolution
		Debug|x64 = Debug|x64
		Debug|x86 = Debug|x86
		Profile|x64 = Profile|x64
		Profile|x86 = Profile|x86
		Release|x64 = Release|x64
		Release|x86 = Release|x86
		Server|x64 = Server|x64
		Server|x86 = Server|x86
	EndGlobalSection
	GlobalSection(ProjectConfigurationPlatforms) = postSolution
		{6EC806C5-E78C-4EE8-8CDC-93A7C9CE69A3}.Debug|x64.ActiveCfg = Debug|x64
		{6EC806C5-E78C-4EE8-8CDC-93A7C9CE69A3}.Debug|x64.Build.0 = Debug|x64
		{6EC806C5-E78C-4EE8-8CDC-93A7C9CE69A3}.Debug|x86.ActiveCfg = Debug|Win32
		{6EC806C5-E78C-4EE8-8CDC-93A7C9CE69A3}.Debug|x86.Build.0 = Debug|Win32
		{6EC806C5-E78C-4EE8-8CDC-93A7C9CE69A3}.Profile|x64.ActiveCfg = Release|x64
		{6EC806C5-E78C-4EE8-8CDC-93A7C9CE69A3}.Profile|x64.Build.0 = Release|x64
		{6EC806C5-E78C-4EE8-8CDC-93A7C9CE69A3}.Profile|x86.ActiveCfg = Release|Win32
		{6EC806C5-E78C-4EE8-8CDC-93A7C9CE69A3}.Profile|x86.Build.0 = Release|Win32
		{6EC806C5-E78C-4EE8-8CDC-93A7C9CE69A3}.Release|x64.ActiveCfg = Release|x64
		{6EC806C5-E78C-4EE8-8CDC-93A7C9CE69A3}.Release|x64.Build.0 = Release|x64
		{6EC806C5-E78C-4EE8-8CDC-93A7C9CE69A3}.Release|x86.ActiveCfg = Release|Win32
		{6EC806C5-E78C-4EE8-8CDC-93A7C9CE69A3}.Release|x86.Build.0 = Release|Win32
		{6EC806C5-E78C-4EE8-8CDC-93A7C9CE69A3}.Server|x64.ActiveCfg = Release|x64
		{6EC806C5-E78C-4EE8-8CDC-93A7C9CE69A3}.Server|x64.Build.0 = Release|x64
		{6EC806C5-E78C-4EE8-8CDC-93A7C9CE69A3}.Server|x86.ActiveCfg = Release|Win32
		{6EC806C5-E78C-4EE8-8CDC-93A7C9CE69A3}.Server|x86.Build.0 = Release|Win32
		{F772FD55-96ED-4F63-A3CC-99703CD17C14}.Debug|x64.ActiveCfg = Debug|x64
		{F772FD55-96ED-4F63-A3CC-99703CD17C14}.Debug|x64.Build.0 = Debug|x64
		{F772FD55-96ED-4F63-A3CC-99703CD17C14}.Debug|x86.ActiveCfg = Debug|Win32
		{F772FD55-96ED-4F63-A3CC-99703CD17C14}.Debug|x86.Build.0 = Debug|Win32
		{F772FD55-96ED-4F63-A3CC-99703CD17C14}.Profile|x64.ActiveCfg = Profile|x64
		{F772FD55-96ED-4F63-A3CC-99703CD17C14}.Profile|x64.Build.0 = Profile|x64
		{F772FD55-96ED-4F63-A3CC-99703CD17C14}.Profile|x86.ActiveCfg = Profile|Win32
		{F772FD55-96ED-4F63-A3CC-99703CD17C14}.Profile|x86.Build.0 = Profile|Win32
		{F772FD55-96ED-4F63-A3CC-99703CD17C14}.Release|x64.ActiveCfg = Release|x64
		{F772FD55-96ED-4F63-A3CC-99703CD17C14}.Release|x64.Build.0 = Release|x64
		{F772FD55-96ED-4F63-A3CC-99703CD17C14}.Release|x86.ActiveCfg = Release|Win32
		{F772FD55-96ED-4F63-A3CC-99703CD17C14}.Release|x86.Build.0 = Release|Win32
		{F772FD55-96ED-4F63-A3CC-99703CD17C14}.Server|x64.ActiveCfg = Server|x64
		{F772FD55-96ED-4F63-A3CC-99703CD17C14}.Server|x64.Build.0 = Server|x64
		{F772FD55-96ED-4F63-A3CC-99703CD17C14}.Server|x86.ActiveCfg = Server|Win32
		{F772FD55-96ED-4F63-A3CC-99703CD17C14}.Server|x86.Build.0 = Server|Win32
		{98A03F9F-2317-490F-B58B-4F62D393C0B8}.Debug|x64.ActiveCfg = Debug|x64
		{98A03F9F-2317-490F-B58B-4F62D393C0B8}.Debug|x64.Build.0 = Debug|x64
		{98A03F9F-2317-490F-B58B-4F62D393C0B8}.Debug|x86.ActiveCfg = Debug|Win32
		{98A03F9F-2317-490F-B58B-4F62D393C0B8}.Debug|x86.Build.0 = Debug|Win32
		{98A03F9F-2317-490F-B58B-4F62D393C0B8}.Profile|x64.ActiveCfg = Profile|x64
		{98A03F9F-2317-490F-B58B-4F62D393C0B8}.Profile|x64.Build.0 = Profile|x64
		{98A03F9F-2317-490F-B58B-4F62D393C0B8}.Profile|x86.ActiveCfg = Profile|Win32
		{98A03F9F-2317-490F-B58B-4F62D393C0B8}.Profile|x86.Build.0 = Profile|Win32
		{98A03F9F-2317-490F-B58B-4F62D393C0B8}.Release|x64.ActiveCfg = Release|x64
		{98A03F9F-2317-490F-B58B-4F62D393C0B8}.Release|x64.Build.0 = Release|x64
		{98A03F9F-2317-490F-B58B-4F62D393C0B8}.Release|x86.ActiveCfg = Release|Win32
		{98A03F9F-2317-490F-B58B-4F62D393C0B8}.Release|x86.Build.0 = Release|Win32
		{98A03F9F-2317-490F-B58B-4F62D393C0B8}.Server|x64.ActiveCfg = Server|x64
		{98A03F9F-2317-490F-B58B-4F62D393C0B8}.Server|x64.Build.0 = Server|x64
		{98A03F9F-2317-490F-B58B-4F62D393C0B8}.Server|x86.ActiveCfg = Server|Win32
		{98A03F9F-2317-490F-B58B-4F62D393C0B8}.Server|x86.Build.0 = Server|Win32
		{A73768A0-CBD6-48CC-85C5-1A5D59155F5A}.Debug|x64.ActiveCfg = Debug|x64
		{A73768A0-CBD6-48CC-85C5-1A5D59155F5A}.Debug|x64.Build.0 = Debug|x64
		{A73768A0-CBD6-48CC-85C5-1A5D59155F5A}.Debug|x86.ActiveCfg = Debug|Win32
		{A73768A0-CBD6-48CC-85C5-1A5D59155F5A}.Debug|x86.Build.0 = Debug|Win32
		{A73768A0-CBD6-48CC-85C5-1A5D59155F5A}.Profile|x64.ActiveCfg = Profile|x64
		{A73768A0-CBD6-48CC-85C5-1A5D59155F5A}.Profile|x64.Build.0 = Profile|x64
		{A73768A0-CBD6-48CC-85C5-1A5D59155F5A}.Profile|x86.ActiveCfg = Profile|Win32
		{A73768A0-CBD6-48CC-85C5-1A5D59155F5A}.Profile|x86.Build.0 = Profile|Win32
		{A73768A0-CBD6-48CC-85C5-1A5D59155F5A}.Release|x64.ActiveCfg = Release|x64
		{A73768A0-CBD6-48CC-85C5-1A5D59155F5A}.Release|x64.Build.0 = Release|x64
		{A73768A0-CBD6-48CC-85C5-1A5D59155F5A}.Release|x86.ActiveCfg = Release|Win32
		{A73768A0-CBD6-48CC-85C5-1A5D59155F5A}.Release|x86.Build.0 = Release|Win32
		{A73768A0-CBD6-48CC-85C5-1A5D59155F5A}.Server|x64.ActiveCfg = Server|x64
		{A73768A0-CBD6-48CC-85C5-1A5D59155F5A}.Server|x64.Build.0 = Server|x64
		{A73768A0-CBD6-48CC-85C5-1A5D59155F5A}.Server|x86.ActiveCfg = Server|Win32
		{A73768A0-CBD6-48CC-85C5-1A5D59155F5A}.Server|x86.Build.0 = Server|Win32
	EndGlobalSection
	GlobalSection(SolutionProperties) = preSolution
		HideSolutionNode = FALSE
	EndGlobalSection
	GlobalSection(ExtensibilityGlobals) = postSolution
		SolutionGuid = {E0E23038-CD82-4241-9318-2BB1FBA4B38D}
	EndGlobalSection
EndGlobal
